// !$*UTF8*$!
{
	archiveVersion = 1;
	classes = {
	};
	objectVersion = 56;
	objects = {

/* Begin PBXBuildFile section */
		6446DBC16CDAE224172892F2 /* Pods_SearchPlaces.framework in Frameworks */ = {isa = PBXBuildFile; fileRef = 1C3D7136DF5421EEAAA8E9D8 /* Pods_SearchPlaces.framework */; };
		CACE06772A6A3B4B007C2C03 /* CustomSearchBar.swift in Sources */ = {isa = PBXBuildFile; fileRef = CACE06762A6A3B4B007C2C03 /* CustomSearchBar.swift */; };
		CACE06792A6A9C08007C2C03 /* PhotoDetailViewController.swift in Sources */ = {isa = PBXBuildFile; fileRef = CACE06782A6A9C08007C2C03 /* PhotoDetailViewController.swift */; };
		CACE067B2A6D0AE8007C2C03 /* ScrollViewController.swift in Sources */ = {isa = PBXBuildFile; fileRef = CACE067A2A6D0AE7007C2C03 /* ScrollViewController.swift */; };
		CAFA0C9D2A6342CA002C4DCB /* AppDelegate.swift in Sources */ = {isa = PBXBuildFile; fileRef = CAFA0C9C2A6342CA002C4DCB /* AppDelegate.swift */; };
		CAFA0C9F2A6342CA002C4DCB /* SceneDelegate.swift in Sources */ = {isa = PBXBuildFile; fileRef = CAFA0C9E2A6342CA002C4DCB /* SceneDelegate.swift */; };
		CAFA0CA12A6342CA002C4DCB /* ViewController.swift in Sources */ = {isa = PBXBuildFile; fileRef = CAFA0CA02A6342CA002C4DCB /* ViewController.swift */; };
		CAFA0CA42A6342CA002C4DCB /* Main.storyboard in Resources */ = {isa = PBXBuildFile; fileRef = CAFA0CA22A6342CA002C4DCB /* Main.storyboard */; };
		CAFA0CA62A6342CC002C4DCB /* Assets.xcassets in Resources */ = {isa = PBXBuildFile; fileRef = CAFA0CA52A6342CC002C4DCB /* Assets.xcassets */; };
		CAFA0CA92A6342CC002C4DCB /* LaunchScreen.storyboard in Resources */ = {isa = PBXBuildFile; fileRef = CAFA0CA72A6342CC002C4DCB /* LaunchScreen.storyboard */; };
		CAFA0CB12A637228002C4DCB /* PlaceListViewController.swift in Sources */ = {isa = PBXBuildFile; fileRef = CAFA0CB02A637228002C4DCB /* PlaceListViewController.swift */; };
		CAFA0CB32A63C688002C4DCB /* PlaceDetailViewController.swift in Sources */ = {isa = PBXBuildFile; fileRef = CAFA0CB22A63C688002C4DCB /* PlaceDetailViewController.swift */; };
		CAFA0CB52A661650002C4DCB /* PlaceRouteViewController.swift in Sources */ = {isa = PBXBuildFile; fileRef = CAFA0CB42A661650002C4DCB /* PlaceRouteViewController.swift */; };
		CAFA0CB72A661748002C4DCB /* PlacePhotosViewController.swift in Sources */ = {isa = PBXBuildFile; fileRef = CAFA0CB62A661748002C4DCB /* PlacePhotosViewController.swift */; };
/* End PBXBuildFile section */

/* Begin PBXFileReference section */
		1C3D7136DF5421EEAAA8E9D8 /* Pods_SearchPlaces.framework */ = {isa = PBXFileReference; explicitFileType = wrapper.framework; includeInIndex = 0; path = Pods_SearchPlaces.framework; sourceTree = BUILT_PRODUCTS_DIR; };
		CACE06762A6A3B4B007C2C03 /* CustomSearchBar.swift */ = {isa = PBXFileReference; lastKnownFileType = sourcecode.swift; path = CustomSearchBar.swift; sourceTree = "<group>"; };
		CACE06782A6A9C08007C2C03 /* PhotoDetailViewController.swift */ = {isa = PBXFileReference; lastKnownFileType = sourcecode.swift; path = PhotoDetailViewController.swift; sourceTree = "<group>"; };
		CACE067A2A6D0AE7007C2C03 /* ScrollViewController.swift */ = {isa = PBXFileReference; lastKnownFileType = sourcecode.swift; path = ScrollViewController.swift; sourceTree = "<group>"; };
		CAFA0C992A6342CA002C4DCB /* SearchAPlace.app */ = {isa = PBXFileReference; explicitFileType = wrapper.application; includeInIndex = 0; path = SearchAPlace.app; sourceTree = BUILT_PRODUCTS_DIR; };
		CAFA0C9C2A6342CA002C4DCB /* AppDelegate.swift */ = {isa = PBXFileReference; lastKnownFileType = sourcecode.swift; path = AppDelegate.swift; sourceTree = "<group>"; };
		CAFA0C9E2A6342CA002C4DCB /* SceneDelegate.swift */ = {isa = PBXFileReference; lastKnownFileType = sourcecode.swift; path = SceneDelegate.swift; sourceTree = "<group>"; };
		CAFA0CA02A6342CA002C4DCB /* ViewController.swift */ = {isa = PBXFileReference; lastKnownFileType = sourcecode.swift; path = ViewController.swift; sourceTree = "<group>"; };
		CAFA0CA32A6342CA002C4DCB /* Base */ = {isa = PBXFileReference; lastKnownFileType = file.storyboard; name = Base; path = Base.lproj/Main.storyboard; sourceTree = "<group>"; };
		CAFA0CA52A6342CC002C4DCB /* Assets.xcassets */ = {isa = PBXFileReference; lastKnownFileType = folder.assetcatalog; path = Assets.xcassets; sourceTree = "<group>"; };
		CAFA0CA82A6342CC002C4DCB /* Base */ = {isa = PBXFileReference; lastKnownFileType = file.storyboard; name = Base; path = Base.lproj/LaunchScreen.storyboard; sourceTree = "<group>"; };
		CAFA0CAA2A6342CC002C4DCB /* Info.plist */ = {isa = PBXFileReference; lastKnownFileType = text.plist.xml; path = Info.plist; sourceTree = "<group>"; };
		CAFA0CB02A637228002C4DCB /* PlaceListViewController.swift */ = {isa = PBXFileReference; lastKnownFileType = sourcecode.swift; path = PlaceListViewController.swift; sourceTree = "<group>"; };
		CAFA0CB22A63C688002C4DCB /* PlaceDetailViewController.swift */ = {isa = PBXFileReference; lastKnownFileType = sourcecode.swift; path = PlaceDetailViewController.swift; sourceTree = "<group>"; };
		CAFA0CB42A661650002C4DCB /* PlaceRouteViewController.swift */ = {isa = PBXFileReference; lastKnownFileType = sourcecode.swift; path = PlaceRouteViewController.swift; sourceTree = "<group>"; };
		CAFA0CB62A661748002C4DCB /* PlacePhotosViewController.swift */ = {isa = PBXFileReference; lastKnownFileType = sourcecode.swift; path = PlacePhotosViewController.swift; sourceTree = "<group>"; };
		E464A1BF97EC3E4A66BA12BF /* Pods-SearchPlaces.debug.xcconfig */ = {isa = PBXFileReference; includeInIndex = 1; lastKnownFileType = text.xcconfig; name = "Pods-SearchPlaces.debug.xcconfig"; path = "Target Support Files/Pods-SearchPlaces/Pods-SearchPlaces.debug.xcconfig"; sourceTree = "<group>"; };
		EC3171F09C5EECB98CE3C339 /* Pods-SearchPlaces.release.xcconfig */ = {isa = PBXFileReference; includeInIndex = 1; lastKnownFileType = text.xcconfig; name = "Pods-SearchPlaces.release.xcconfig"; path = "Target Support Files/Pods-SearchPlaces/Pods-SearchPlaces.release.xcconfig"; sourceTree = "<group>"; };
/* End PBXFileReference section */

/* Begin PBXFrameworksBuildPhase section */
		CAFA0C962A6342CA002C4DCB /* Frameworks */ = {
			isa = PBXFrameworksBuildPhase;
			buildActionMask = 2147483647;
			files = (
				6446DBC16CDAE224172892F2 /* Pods_SearchPlaces.framework in Frameworks */,
			);
			runOnlyForDeploymentPostprocessing = 0;
		};
/* End PBXFrameworksBuildPhase section */

/* Begin PBXGroup section */
		8C3DEF65B2D36882BA0261EB /* Pods */ = {
			isa = PBXGroup;
			children = (
				E464A1BF97EC3E4A66BA12BF /* Pods-SearchPlaces.debug.xcconfig */,
				EC3171F09C5EECB98CE3C339 /* Pods-SearchPlaces.release.xcconfig */,
			);
			path = Pods;
			sourceTree = "<group>";
		};
		CAFA0C902A6342CA002C4DCB = {
			isa = PBXGroup;
			children = (
				CAFA0C9B2A6342CA002C4DCB /* SearchPlaces */,
				CAFA0C9A2A6342CA002C4DCB /* Products */,
				8C3DEF65B2D36882BA0261EB /* Pods */,
				D93C03CA8A8A3D05C2CE2540 /* Frameworks */,
			);
			sourceTree = "<group>";
		};
		CAFA0C9A2A6342CA002C4DCB /* Products */ = {
			isa = PBXGroup;
			children = (
				CAFA0C992A6342CA002C4DCB /* SearchAPlace.app */,
			);
			name = Products;
			sourceTree = "<group>";
		};
		CAFA0C9B2A6342CA002C4DCB /* SearchPlaces */ = {
			isa = PBXGroup;
			children = (
				CAFA0C9C2A6342CA002C4DCB /* AppDelegate.swift */,
				CAFA0C9E2A6342CA002C4DCB /* SceneDelegate.swift */,
				CAFA0CA02A6342CA002C4DCB /* ViewController.swift */,
				CAFA0CB02A637228002C4DCB /* PlaceListViewController.swift */,
				CAFA0CB22A63C688002C4DCB /* PlaceDetailViewController.swift */,
				CAFA0CB42A661650002C4DCB /* PlaceRouteViewController.swift */,
				CAFA0CB62A661748002C4DCB /* PlacePhotosViewController.swift */,
				CACE06782A6A9C08007C2C03 /* PhotoDetailViewController.swift */,
				CACE06762A6A3B4B007C2C03 /* CustomSearchBar.swift */,
				CACE067A2A6D0AE7007C2C03 /* ScrollViewController.swift */,
				CAFA0CA22A6342CA002C4DCB /* Main.storyboard */,
				CAFA0CA72A6342CC002C4DCB /* LaunchScreen.storyboard */,
				CAFA0CA52A6342CC002C4DCB /* Assets.xcassets */,
				CAFA0CAA2A6342CC002C4DCB /* Info.plist */,
			);
			path = SearchPlaces;
			sourceTree = "<group>";
		};
		D93C03CA8A8A3D05C2CE2540 /* Frameworks */ = {
			isa = PBXGroup;
			children = (
				1C3D7136DF5421EEAAA8E9D8 /* Pods_SearchPlaces.framework */,
			);
			name = Frameworks;
			sourceTree = "<group>";
		};
/* End PBXGroup section */

/* Begin PBXNativeTarget section */
		CAFA0C982A6342CA002C4DCB /* SearchAPlace */ = {
			isa = PBXNativeTarget;
			buildConfigurationList = CAFA0CAD2A6342CC002C4DCB /* Build configuration list for PBXNativeTarget "SearchAPlace" */;
			buildPhases = (
				8D7156EECF8D2A8371281454 /* [CP] Check Pods Manifest.lock */,
				CAFA0C952A6342CA002C4DCB /* Sources */,
				CAFA0C962A6342CA002C4DCB /* Frameworks */,
				CAFA0C972A6342CA002C4DCB /* Resources */,
			);
			buildRules = (
			);
			dependencies = (
			);
			name = SearchAPlace;
			productName = SearchPlaces;
			productReference = CAFA0C992A6342CA002C4DCB /* SearchAPlace.app */;
			productType = "com.apple.product-type.application";
		};
/* End PBXNativeTarget section */

/* Begin PBXProject section */
		CAFA0C912A6342CA002C4DCB /* Project object */ = {
			isa = PBXProject;
			attributes = {
				BuildIndependentTargetsInParallel = 1;
				LastSwiftUpdateCheck = 1430;
				LastUpgradeCheck = 1430;
				TargetAttributes = {
					CAFA0C982A6342CA002C4DCB = {
						CreatedOnToolsVersion = 14.3.1;
					};
				};
			};
			buildConfigurationList = CAFA0C942A6342CA002C4DCB /* Build configuration list for PBXProject "SearchAPlace" */;
			compatibilityVersion = "Xcode 14.0";
			developmentRegion = en;
			hasScannedForEncodings = 0;
			knownRegions = (
				en,
				Base,
			);
			mainGroup = CAFA0C902A6342CA002C4DCB;
			productRefGroup = CAFA0C9A2A6342CA002C4DCB /* Products */;
			projectDirPath = "";
			projectRoot = "";
			targets = (
				CAFA0C982A6342CA002C4DCB /* SearchAPlace */,
			);
		};
/* End PBXProject section */

/* Begin PBXResourcesBuildPhase section */
		CAFA0C972A6342CA002C4DCB /* Resources */ = {
			isa = PBXResourcesBuildPhase;
			buildActionMask = 2147483647;
			files = (
				CAFA0CA92A6342CC002C4DCB /* LaunchScreen.storyboard in Resources */,
				CAFA0CA62A6342CC002C4DCB /* Assets.xcassets in Resources */,
				CAFA0CA42A6342CA002C4DCB /* Main.storyboard in Resources */,
			);
			runOnlyForDeploymentPostprocessing = 0;
		};
/* End PBXResourcesBuildPhase section */

/* Begin PBXShellScriptBuildPhase section */
		8D7156EECF8D2A8371281454 /* [CP] Check Pods Manifest.lock */ = {
			isa = PBXShellScriptBuildPhase;
			buildActionMask = 2147483647;
			files = (
			);
			inputFileListPaths = (
			);
			inputPaths = (
				"${PODS_PODFILE_DIR_PATH}/Podfile.lock",
				"${PODS_ROOT}/Manifest.lock",
			);
			name = "[CP] Check Pods Manifest.lock";
			outputFileListPaths = (
			);
			outputPaths = (
				"$(DERIVED_FILE_DIR)/Pods-SearchPlaces-checkManifestLockResult.txt",
			);
			runOnlyForDeploymentPostprocessing = 0;
			shellPath = /bin/sh;
			shellScript = "diff \"${PODS_PODFILE_DIR_PATH}/Podfile.lock\" \"${PODS_ROOT}/Manifest.lock\" > /dev/null\nif [ $? != 0 ] ; then\n    # print error to STDERR\n    echo \"error: The sandbox is not in sync with the Podfile.lock. Run 'pod install' or update your CocoaPods installation.\" >&2\n    exit 1\nfi\n# This output is used by Xcode 'outputs' to avoid re-running this script phase.\necho \"SUCCESS\" > \"${SCRIPT_OUTPUT_FILE_0}\"\n";
			showEnvVarsInLog = 0;
		};
/* End PBXShellScriptBuildPhase section */

/* Begin PBXSourcesBuildPhase section */
		CAFA0C952A6342CA002C4DCB /* Sources */ = {
			isa = PBXSourcesBuildPhase;
			buildActionMask = 2147483647;
			files = (
				CAFA0CB12A637228002C4DCB /* PlaceListViewController.swift in Sources */,
				CAFA0CB72A661748002C4DCB /* PlacePhotosViewController.swift in Sources */,
				CAFA0CA12A6342CA002C4DCB /* ViewController.swift in Sources */,
				CAFA0CB32A63C688002C4DCB /* PlaceDetailViewController.swift in Sources */,
				CAFA0C9D2A6342CA002C4DCB /* AppDelegate.swift in Sources */,
				CAFA0CB52A661650002C4DCB /* PlaceRouteViewController.swift in Sources */,
				CACE06792A6A9C08007C2C03 /* PhotoDetailViewController.swift in Sources */,
				CACE067B2A6D0AE8007C2C03 /* ScrollViewController.swift in Sources */,
				CACE06772A6A3B4B007C2C03 /* CustomSearchBar.swift in Sources */,
				CAFA0C9F2A6342CA002C4DCB /* SceneDelegate.swift in Sources */,
			);
			runOnlyForDeploymentPostprocessing = 0;
		};
/* End PBXSourcesBuildPhase section */

/* Begin PBXVariantGroup section */
		CAFA0CA22A6342CA002C4DCB /* Main.storyboard */ = {
			isa = PBXVariantGroup;
			children = (
				CAFA0CA32A6342CA002C4DCB /* Base */,
			);
			name = Main.storyboard;
			sourceTree = "<group>";
		};
		CAFA0CA72A6342CC002C4DCB /* LaunchScreen.storyboard */ = {
			isa = PBXVariantGroup;
			children = (
				CAFA0CA82A6342CC002C4DCB /* Base */,
			);
			name = LaunchScreen.storyboard;
			sourceTree = "<group>";
		};
/* End PBXVariantGroup section */

/* Begin XCBuildConfiguration section */
		CAFA0CAB2A6342CC002C4DCB /* Debug */ = {
			isa = XCBuildConfiguration;
			buildSettings = {
				ALWAYS_SEARCH_USER_PATHS = NO;
				CLANG_ANALYZER_NONNULL = YES;
				CLANG_ANALYZER_NUMBER_OBJECT_CONVERSION = YES_AGGRESSIVE;
				CLANG_CXX_LANGUAGE_STANDARD = "gnu++20";
				CLANG_ENABLE_MODULES = YES;
				CLANG_ENABLE_OBJC_ARC = YES;
				CLANG_ENABLE_OBJC_WEAK = YES;
				CLANG_WARN_BLOCK_CAPTURE_AUTORELEASING = YES;
				CLANG_WARN_BOOL_CONVERSION = YES;
				CLANG_WARN_COMMA = YES;
				CLANG_WARN_CONSTANT_CONVERSION = YES;
				CLANG_WARN_DEPRECATED_OBJC_IMPLEMENTATIONS = YES;
				CLANG_WARN_DIRECT_OBJC_ISA_USAGE = YES_ERROR;
				CLANG_WARN_DOCUMENTATION_COMMENTS = YES;
				CLANG_WARN_EMPTY_BODY = YES;
				CLANG_WARN_ENUM_CONVERSION = YES;
				CLANG_WARN_INFINITE_RECURSION = YES;
				CLANG_WARN_INT_CONVERSION = YES;
				CLANG_WARN_NON_LITERAL_NULL_CONVERSION = YES;
				CLANG_WARN_OBJC_IMPLICIT_RETAIN_SELF = YES;
				CLANG_WARN_OBJC_LITERAL_CONVERSION = YES;
				CLANG_WARN_OBJC_ROOT_CLASS = YES_ERROR;
				CLANG_WARN_QUOTED_INCLUDE_IN_FRAMEWORK_HEADER = YES;
				CLANG_WARN_RANGE_LOOP_ANALYSIS = YES;
				CLANG_WARN_STRICT_PROTOTYPES = YES;
				CLANG_WARN_SUSPICIOUS_MOVE = YES;
				CLANG_WARN_UNGUARDED_AVAILABILITY = YES_AGGRESSIVE;
				CLANG_WARN_UNREACHABLE_CODE = YES;
				CLANG_WARN__DUPLICATE_METHOD_MATCH = YES;
				COPY_PHASE_STRIP = NO;
				DEBUG_INFORMATION_FORMAT = dwarf;
				ENABLE_STRICT_OBJC_MSGSEND = YES;
				ENABLE_TESTABILITY = YES;
				GCC_C_LANGUAGE_STANDARD = gnu11;
				GCC_DYNAMIC_NO_PIC = NO;
				GCC_NO_COMMON_BLOCKS = YES;
				GCC_OPTIMIZATION_LEVEL = 0;
				GCC_PREPROCESSOR_DEFINITIONS = (
					"DEBUG=1",
					"$(inherited)",
				);
				GCC_WARN_64_TO_32_BIT_CONVERSION = YES;
				GCC_WARN_ABOUT_RETURN_TYPE = YES_ERROR;
				GCC_WARN_UNDECLARED_SELECTOR = YES;
				GCC_WARN_UNINITIALIZED_AUTOS = YES_AGGRESSIVE;
				GCC_WARN_UNUSED_FUNCTION = YES;
				GCC_WARN_UNUSED_VARIABLE = YES;
				IPHONEOS_DEPLOYMENT_TARGET = 16.4;
				MTL_ENABLE_DEBUG_INFO = INCLUDE_SOURCE;
				MTL_FAST_MATH = YES;
				ONLY_ACTIVE_ARCH = YES;
				SDKROOT = iphoneos;
				SWIFT_ACTIVE_COMPILATION_CONDITIONS = DEBUG;
				SWIFT_OPTIMIZATION_LEVEL = "-Onone";
			};
			name = Debug;
		};
		CAFA0CAC2A6342CC002C4DCB /* Release */ = {
			isa = XCBuildConfiguration;
			buildSettings = {
				ALWAYS_SEARCH_USER_PATHS = NO;
				CLANG_ANALYZER_NONNULL = YES;
				CLANG_ANALYZER_NUMBER_OBJECT_CONVERSION = YES_AGGRESSIVE;
				CLANG_CXX_LANGUAGE_STANDARD = "gnu++20";
				CLANG_ENABLE_MODULES = YES;
				CLANG_ENABLE_OBJC_ARC = YES;
				CLANG_ENABLE_OBJC_WEAK = YES;
				CLANG_WARN_BLOCK_CAPTURE_AUTORELEASING = YES;
				CLANG_WARN_BOOL_CONVERSION = YES;
				CLANG_WARN_COMMA = YES;
				CLANG_WARN_CONSTANT_CONVERSION = YES;
				CLANG_WARN_DEPRECATED_OBJC_IMPLEMENTATIONS = YES;
				CLANG_WARN_DIRECT_OBJC_ISA_USAGE = YES_ERROR;
				CLANG_WARN_DOCUMENTATION_COMMENTS = YES;
				CLANG_WARN_EMPTY_BODY = YES;
				CLANG_WARN_ENUM_CONVERSION = YES;
				CLANG_WARN_INFINITE_RECURSION = YES;
				CLANG_WARN_INT_CONVERSION = YES;
				CLANG_WARN_NON_LITERAL_NULL_CONVERSION = YES;
				CLANG_WARN_OBJC_IMPLICIT_RETAIN_SELF = YES;
				CLANG_WARN_OBJC_LITERAL_CONVERSION = YES;
				CLANG_WARN_OBJC_ROOT_CLASS = YES_ERROR;
				CLANG_WARN_QUOTED_INCLUDE_IN_FRAMEWORK_HEADER = YES;
				CLANG_WARN_RANGE_LOOP_ANALYSIS = YES;
				CLANG_WARN_STRICT_PROTOTYPES = YES;
				CLANG_WARN_SUSPICIOUS_MOVE = YES;
				CLANG_WARN_UNGUARDED_AVAILABILITY = YES_AGGRESSIVE;
				CLANG_WARN_UNREACHABLE_CODE = YES;
				CLANG_WARN__DUPLICATE_METHOD_MATCH = YES;
				COPY_PHASE_STRIP = NO;
				DEBUG_INFORMATION_FORMAT = "dwarf-with-dsym";
				ENABLE_NS_ASSERTIONS = NO;
				ENABLE_STRICT_OBJC_MSGSEND = YES;
				GCC_C_LANGUAGE_STANDARD = gnu11;
				GCC_NO_COMMON_BLOCKS = YES;
				GCC_WARN_64_TO_32_BIT_CONVERSION = YES;
				GCC_WARN_ABOUT_RETURN_TYPE = YES_ERROR;
				GCC_WARN_UNDECLARED_SELECTOR = YES;
				GCC_WARN_UNINITIALIZED_AUTOS = YES_AGGRESSIVE;
				GCC_WARN_UNUSED_FUNCTION = YES;
				GCC_WARN_UNUSED_VARIABLE = YES;
				IPHONEOS_DEPLOYMENT_TARGET = 16.4;
				MTL_ENABLE_DEBUG_INFO = NO;
				MTL_FAST_MATH = YES;
				SDKROOT = iphoneos;
				SWIFT_COMPILATION_MODE = wholemodule;
				SWIFT_OPTIMIZATION_LEVEL = "-O";
				VALIDATE_PRODUCT = YES;
			};
			name = Release;
		};
		CAFA0CAE2A6342CC002C4DCB /* Debug */ = {
			isa = XCBuildConfiguration;
			baseConfigurationReference = E464A1BF97EC3E4A66BA12BF /* Pods-SearchPlaces.debug.xcconfig */;
			buildSettings = {
				ASSETCATALOG_COMPILER_APPICON_NAME = AppIcon;
				ASSETCATALOG_COMPILER_GLOBAL_ACCENT_COLOR_NAME = AccentColor;
				ASSETCATALOG_COMPILER_INCLUDE_ALL_APPICON_ASSETS = NO;
				CODE_SIGN_STYLE = Automatic;
				CURRENT_PROJECT_VERSION = 1;
				DEVELOPMENT_TEAM = Q94UG63NK9;
				GENERATE_INFOPLIST_FILE = YES;
				INFOPLIST_FILE = SearchPlaces/Info.plist;
				INFOPLIST_KEY_NSLocationWhenInUseUsageDescription = "SearchAPlace needs access to your location to identify places of interest near you. No location data is stored or shared.";
				INFOPLIST_KEY_UIApplicationSupportsIndirectInputEvents = YES;
				INFOPLIST_KEY_UILaunchStoryboardName = LaunchScreen.storyboard;
				INFOPLIST_KEY_UIMainStoryboardFile = Main;
				INFOPLIST_KEY_UIRequiresFullScreen = YES;
				INFOPLIST_KEY_UISupportedInterfaceOrientations = "UIInterfaceOrientationPortrait UIInterfaceOrientationPortraitUpsideDown";
				INFOPLIST_KEY_UISupportedInterfaceOrientations_iPad = "UIInterfaceOrientationLandscapeLeft UIInterfaceOrientationLandscapeRight UIInterfaceOrientationPortrait UIInterfaceOrientationPortraitUpsideDown";
				LD_RUNPATH_SEARCH_PATHS = (
					"$(inherited)",
					"@executable_path/Frameworks",
				);
				MARKETING_VERSION = 1.0;
				PRODUCT_BUNDLE_IDENTIFIER = "https---anupkuriakose.netlify.app-.SearchPlaces";
				PRODUCT_NAME = "$(TARGET_NAME)";
				SWIFT_EMIT_LOC_STRINGS = YES;
				SWIFT_VERSION = 5.0;
				TARGETED_DEVICE_FAMILY = "1,2";
			};
			name = Debug;
		};
		CAFA0CAF2A6342CC002C4DCB /* Release */ = {
			isa = XCBuildConfiguration;
			baseConfigurationReference = EC3171F09C5EECB98CE3C339 /* Pods-SearchPlaces.release.xcconfig */;
			buildSettings = {
				ASSETCATALOG_COMPILER_APPICON_NAME = AppIcon;
				ASSETCATALOG_COMPILER_GLOBAL_ACCENT_COLOR_NAME = AccentColor;
				ASSETCATALOG_COMPILER_INCLUDE_ALL_APPICON_ASSETS = NO;
				CODE_SIGN_STYLE = Automatic;
				CURRENT_PROJECT_VERSION = 1;
				DEVELOPMENT_TEAM = Q94UG63NK9;
				GENERATE_INFOPLIST_FILE = YES;
				INFOPLIST_FILE = SearchPlaces/Info.plist;
				INFOPLIST_KEY_NSLocationWhenInUseUsageDescription = "SearchAPlace needs access to your location to identify places of interest near you. No location data is stored or shared.";
				INFOPLIST_KEY_UIApplicationSupportsIndirectInputEvents = YES;
				INFOPLIST_KEY_UILaunchStoryboardName = LaunchScreen.storyboard;
				INFOPLIST_KEY_UIMainStoryboardFile = Main;
				INFOPLIST_KEY_UIRequiresFullScreen = YES;
				INFOPLIST_KEY_UISupportedInterfaceOrientations = "UIInterfaceOrientationPortrait UIInterfaceOrientationPortraitUpsideDown";
				INFOPLIST_KEY_UISupportedInterfaceOrientations_iPad = "UIInterfaceOrientationLandscapeLeft UIInterfaceOrientationLandscapeRight UIInterfaceOrientationPortrait UIInterfaceOrientationPortraitUpsideDown";
				LD_RUNPATH_SEARCH_PATHS = (
					"$(inherited)",
					"@executable_path/Frameworks",
				);
				MARKETING_VERSION = 1.0;
				PRODUCT_BUNDLE_IDENTIFIER = "https---anupkuriakose.netlify.app-.SearchPlaces";
				PRODUCT_NAME = "$(TARGET_NAME)";
				SWIFT_EMIT_LOC_STRINGS = YES;
				SWIFT_VERSION = 5.0;
				TARGETED_DEVICE_FAMILY = "1,2";
			};
			name = Release;
		};
/* End XCBuildConfiguration section */

/* Begin XCConfigurationList section */
		CAFA0C942A6342CA002C4DCB /* Build configuration list for PBXProject "SearchAPlace" */ = {
			isa = XCConfigurationList;
			buildConfigurations = (
				CAFA0CAB2A6342CC002C4DCB /* Debug */,
				CAFA0CAC2A6342CC002C4DCB /* Release */,
			);
			defaultConfigurationIsVisible = 0;
			defaultConfigurationName = Release;
		};
		CAFA0CAD2A6342CC002C4DCB /* Build configuration list for PBXNativeTarget "SearchAPlace" */ = {
			isa = XCConfigurationList;
			buildConfigurations = (
				CAFA0CAE2A6342CC002C4DCB /* Debug */,
				CAFA0CAF2A6342CC002C4DCB /* Release */,
			);
			defaultConfigurationIsVisible = 0;
			defaultConfigurationName = Release;
		};
/* End XCConfigurationList section */
	};
	rootObject = CAFA0C912A6342CA002C4DCB /* Project object */;
}
